
Microsoft Visual Studio Solution File, Format Version 12.00
# Visual Studio 15
VisualStudioVersion = 15.0.26228.9
MinimumVisualStudioVersion = 10.0.40219.1
Project("{8BC9CEB8-8B4A-11D0-8D11-00A0C91BC942}") = "LibProcMaps", "LibProcMaps\LibProcMaps.vcxproj", "{8E50566C-45D5-44B3-9571-FAC5F5BACB24}"
EndProject
Global
	GlobalSection(SolutionConfigurationPlatforms) = preSolution
		Debug|ARM = Debug|ARM
		Debug|x64 = Debug|x64
		Debug|x86 = Debug|x86
		Release|ARM = Release|ARM
		Release|x64 = Release|x64
		Release|x86 = Release|x86
	EndGlobalSection
	GlobalSection(ProjectConfigurationPlatforms) = postSolution
		{8E50566C-45D5-44B3-9571-FAC5F5BACB24}.Debug|ARM.ActiveCfg = Debug|ARM
		{8E50566C-45D5-44B3-9571-FAC5F5BACB24}.Debug|ARM.Build.0 = Debug|ARM
		{8E50566C-45D5-44B3-9571-FAC5F5BACB24}.Debug|x64.ActiveCfg = Debug|x64
		{8E50566C-45D5-44B3-9571-FAC5F5BACB24}.Debug|x64.Build.0 = Debug|x64
		{8E50566C-45D5-44B3-9571-FAC5F5BACB24}.Debug|x86.ActiveCfg = Debug|x86
		{8E50566C-45D5-44B3-9571-FAC5F5BACB24}.Debug|x86.Build.0 = Debug|x86
		{8E50566C-45D5-44B3-9571-FAC5F5BACB24}.Release|ARM.ActiveCfg = Release|ARM
		{8E50566C-45D5-44B3-9571-FAC5F5BACB24}.Release|ARM.Build.0 = Release|ARM
		{8E50566C-45D5-44B3-9571-FAC5F5BACB24}.Release|x64.ActiveCfg = Release|x64
		{8E50566C-45D5-44B3-9571-FAC5F5BACB24}.Release|x64.Build.0 = Release|x64
		{8E50566C-45D5-44B3-9571-FAC5F5BACB24}.Release|x86.ActiveCfg = Release|x86
		{8E50566C-45D5-44B3-9571-FAC5F5BACB24}.Release|x86.Build.0 = Release|x86
	EndGlobalSection
	GlobalSection(SolutionProperties) = preSolution
		HideSolutionNode = FALSE
	EndGlobalSection
EndGlobal
